// !$*UTF8*$!
{
	archiveVersion = 1;
	classes = {
	};
	objectVersion = 46;
	objects = {

/* Begin PBXBuildFile section */
		EEC984A01CA11CFE00E2B3A2 /* AppDelegate.swift in Sources */ = {isa = PBXBuildFile; fileRef = EEC9849F1CA11CFE00E2B3A2 /* AppDelegate.swift */; };
		EEC984A21CA11CFE00E2B3A2 /* ViewController.swift in Sources */ = {isa = PBXBuildFile; fileRef = EEC984A11CA11CFE00E2B3A2 /* ViewController.swift */; };
		EEC984A51CA11CFE00E2B3A2 /* Main.storyboard in Resources */ = {isa = PBXBuildFile; fileRef = EEC984A31CA11CFE00E2B3A2 /* Main.storyboard */; };
		EEC984A71CA11CFE00E2B3A2 /* Assets.xcassets in Resources */ = {isa = PBXBuildFile; fileRef = EEC984A61CA11CFE00E2B3A2 /* Assets.xcassets */; };
		EEC984AA1CA11CFE00E2B3A2 /* LaunchScreen.storyboard in Resources */ = {isa = PBXBuildFile; fileRef = EEC984A81CA11CFE00E2B3A2 /* LaunchScreen.storyboard */; };
		EEC984B51CA11CFE00E2B3A2 /* ui_tests_exampleTests.swift in Sources */ = {isa = PBXBuildFile; fileRef = EEC984B41CA11CFE00E2B3A2 /* ui_tests_exampleTests.swift */; };
		EEC984C01CA11CFE00E2B3A2 /* ui_tests_exampleUITests.swift in Sources */ = {isa = PBXBuildFile; fileRef = EEC984BF1CA11CFE00E2B3A2 /* ui_tests_exampleUITests.swift */; };
/* End PBXBuildFile section */

/* Begin PBXContainerItemProxy section */
		EEC984B11CA11CFE00E2B3A2 /* PBXContainerItemProxy */ = {
			isa = PBXContainerItemProxy;
			containerPortal = EEC984941CA11CFD00E2B3A2 /* Project object */;
			proxyType = 1;
			remoteGlobalIDString = EEC9849B1CA11CFD00E2B3A2;
			remoteInfo = "ui-tests-example";
		};
		EEC984BC1CA11CFE00E2B3A2 /* PBXContainerItemProxy */ = {
			isa = PBXContainerItemProxy;
			containerPortal = EEC984941CA11CFD00E2B3A2 /* Project object */;
			proxyType = 1;
			remoteGlobalIDString = EEC9849B1CA11CFD00E2B3A2;
			remoteInfo = "ui-tests-example";
		};
/* End PBXContainerItemProxy section */

/* Begin PBXFileReference section */
		EEC9849C1CA11CFE00E2B3A2 /* ui-tests-example.app */ = {isa = PBXFileReference; explicitFileType = wrapper.application; includeInIndex = 0; path = "ui-tests-example.app"; sourceTree = BUILT_PRODUCTS_DIR; };
		EEC9849F1CA11CFE00E2B3A2 /* AppDelegate.swift */ = {isa = PBXFileReference; lastKnownFileType = sourcecode.swift; path = AppDelegate.swift; sourceTree = "<group>"; };
		EEC984A11CA11CFE00E2B3A2 /* ViewController.swift */ = {isa = PBXFileReference; lastKnownFileType = sourcecode.swift; path = ViewController.swift; sourceTree = "<group>"; };
		EEC984A41CA11CFE00E2B3A2 /* Base */ = {isa = PBXFileReference; lastKnownFileType = file.storyboard; name = Base; path = Base.lproj/Main.storyboard; sourceTree = "<group>"; };
		EEC984A61CA11CFE00E2B3A2 /* Assets.xcassets */ = {isa = PBXFileReference; lastKnownFileType = folder.assetcatalog; path = Assets.xcassets; sourceTree = "<group>"; };
		EEC984A91CA11CFE00E2B3A2 /* Base */ = {isa = PBXFileReference; lastKnownFileType = file.storyboard; name = Base; path = Base.lproj/LaunchScreen.storyboard; sourceTree = "<group>"; };
		EEC984AB1CA11CFE00E2B3A2 /* Info.plist */ = {isa = PBXFileReference; lastKnownFileType = text.plist.xml; path = Info.plist; sourceTree = "<group>"; };
		EEC984B01CA11CFE00E2B3A2 /* ui-tests-exampleTests.xctest */ = {isa = PBXFileReference; explicitFileType = wrapper.cfbundle; includeInIndex = 0; path = "ui-tests-exampleTests.xctest"; sourceTree = BUILT_PRODUCTS_DIR; };
		EEC984B41CA11CFE00E2B3A2 /* ui_tests_exampleTests.swift */ = {isa = PBXFileReference; lastKnownFileType = sourcecode.swift; path = ui_tests_exampleTests.swift; sourceTree = "<group>"; };
		EEC984B61CA11CFE00E2B3A2 /* Info.plist */ = {isa = PBXFileReference; lastKnownFileType = text.plist.xml; path = Info.plist; sourceTree = "<group>"; };
		EEC984BB1CA11CFE00E2B3A2 /* ui-tests-exampleUITests.xctest */ = {isa = PBXFileReference; explicitFileType = wrapper.cfbundle; includeInIndex = 0; path = "ui-tests-exampleUITests.xctest"; sourceTree = BUILT_PRODUCTS_DIR; };
		EEC984BF1CA11CFE00E2B3A2 /* ui_tests_exampleUITests.swift */ = {isa = PBXFileReference; lastKnownFileType = sourcecode.swift; path = ui_tests_exampleUITests.swift; sourceTree = "<group>"; };
		EEC984C11CA11CFE00E2B3A2 /* Info.plist */ = {isa = PBXFileReference; lastKnownFileType = text.plist.xml; path = Info.plist; sourceTree = "<group>"; };
/* End PBXFileReference section */

/* Begin PBXFrameworksBuildPhase section */
		EEC984991CA11CFD00E2B3A2 /* Frameworks */ = {
			isa = PBXFrameworksBuildPhase;
			buildActionMask = 2147483647;
			files = (
			);
			runOnlyForDeploymentPostprocessing = 0;
		};
		EEC984AD1CA11CFE00E2B3A2 /* Frameworks */ = {
			isa = PBXFrameworksBuildPhase;
			buildActionMask = 2147483647;
			files = (
			);
			runOnlyForDeploymentPostprocessing = 0;
		};
		EEC984B81CA11CFE00E2B3A2 /* Frameworks */ = {
			isa = PBXFrameworksBuildPhase;
			buildActionMask = 2147483647;
			files = (
			);
			runOnlyForDeploymentPostprocessing = 0;
		};
/* End PBXFrameworksBuildPhase section */

/* Begin PBXGroup section */
		EEC984931CA11CFD00E2B3A2 = {
			isa = PBXGroup;
			children = (
				EEC9849E1CA11CFE00E2B3A2 /* ui-tests-example */,
				EEC984B31CA11CFE00E2B3A2 /* ui-tests-exampleTests */,
				EEC984BE1CA11CFE00E2B3A2 /* ui-tests-exampleUITests */,
				EEC9849D1CA11CFE00E2B3A2 /* Products */,
			);
			sourceTree = "<group>";
		};
		EEC9849D1CA11CFE00E2B3A2 /* Products */ = {
			isa = PBXGroup;
			children = (
				EEC9849C1CA11CFE00E2B3A2 /* ui-tests-example.app */,
				EEC984B01CA11CFE00E2B3A2 /* ui-tests-exampleTests.xctest */,
				EEC984BB1CA11CFE00E2B3A2 /* ui-tests-exampleUITests.xctest */,
			);
			name = Products;
			sourceTree = "<group>";
		};
		EEC9849E1CA11CFE00E2B3A2 /* ui-tests-example */ = {
			isa = PBXGroup;
			children = (
				EEC9849F1CA11CFE00E2B3A2 /* AppDelegate.swift */,
				EEC984A11CA11CFE00E2B3A2 /* ViewController.swift */,
				EEC984A31CA11CFE00E2B3A2 /* Main.storyboard */,
				EEC984A61CA11CFE00E2B3A2 /* Assets.xcassets */,
				EEC984A81CA11CFE00E2B3A2 /* LaunchScreen.storyboard */,
				EEC984AB1CA11CFE00E2B3A2 /* Info.plist */,
			);
			path = "ui-tests-example";
			sourceTree = "<group>";
		};
		EEC984B31CA11CFE00E2B3A2 /* ui-tests-exampleTests */ = {
			isa = PBXGroup;
			children = (
				EEC984B41CA11CFE00E2B3A2 /* ui_tests_exampleTests.swift */,
				EEC984B61CA11CFE00E2B3A2 /* Info.plist */,
			);
			path = "ui-tests-exampleTests";
			sourceTree = "<group>";
		};
		EEC984BE1CA11CFE00E2B3A2 /* ui-tests-exampleUITests */ = {
			isa = PBXGroup;
			children = (
				EEC984BF1CA11CFE00E2B3A2 /* ui_tests_exampleUITests.swift */,
				EEC984C11CA11CFE00E2B3A2 /* Info.plist */,
			);
			path = "ui-tests-exampleUITests";
			sourceTree = "<group>";
		};
/* End PBXGroup section */

/* Begin PBXNativeTarget section */
		EEC9849B1CA11CFD00E2B3A2 /* ui-tests-example */ = {
			isa = PBXNativeTarget;
			buildConfigurationList = EEC984C41CA11CFE00E2B3A2 /* Build configuration list for PBXNativeTarget "ui-tests-example" */;
			buildPhases = (
				EEC984981CA11CFD00E2B3A2 /* Sources */,
				EEC984991CA11CFD00E2B3A2 /* Frameworks */,
				EEC9849A1CA11CFD00E2B3A2 /* Resources */,
			);
			buildRules = (
			);
			dependencies = (
			);
			name = "ui-tests-example";
			productName = "ui-tests-example";
			productReference = EEC9849C1CA11CFE00E2B3A2 /* ui-tests-example.app */;
			productType = "com.apple.product-type.application";
		};
		EEC984AF1CA11CFE00E2B3A2 /* ui-tests-exampleTests */ = {
			isa = PBXNativeTarget;
			buildConfigurationList = EEC984C71CA11CFE00E2B3A2 /* Build configuration list for PBXNativeTarget "ui-tests-exampleTests" */;
			buildPhases = (
				EEC984AC1CA11CFE00E2B3A2 /* Sources */,
				EEC984AD1CA11CFE00E2B3A2 /* Frameworks */,
				EEC984AE1CA11CFE00E2B3A2 /* Resources */,
			);
			buildRules = (
			);
			dependencies = (
				EEC984B21CA11CFE00E2B3A2 /* PBXTargetDependency */,
			);
			name = "ui-tests-exampleTests";
			productName = "ui-tests-exampleTests";
			productReference = EEC984B01CA11CFE00E2B3A2 /* ui-tests-exampleTests.xctest */;
			productType = "com.apple.product-type.bundle.unit-test";
		};
		EEC984BA1CA11CFE00E2B3A2 /* ui-tests-exampleUITests */ = {
			isa = PBXNativeTarget;
			buildConfigurationList = EEC984CA1CA11CFE00E2B3A2 /* Build configuration list for PBXNativeTarget "ui-tests-exampleUITests" */;
			buildPhases = (
				EEC984B71CA11CFE00E2B3A2 /* Sources */,
				EEC984B81CA11CFE00E2B3A2 /* Frameworks */,
				EEC984B91CA11CFE00E2B3A2 /* Resources */,
			);
			buildRules = (
			);
			dependencies = (
				EEC984BD1CA11CFE00E2B3A2 /* PBXTargetDependency */,
			);
			name = "ui-tests-exampleUITests";
			productName = "ui-tests-exampleUITests";
			productReference = EEC984BB1CA11CFE00E2B3A2 /* ui-tests-exampleUITests.xctest */;
			productType = "com.apple.product-type.bundle.ui-testing";
		};
/* End PBXNativeTarget section */

/* Begin PBXProject section */
		EEC984941CA11CFD00E2B3A2 /* Project object */ = {
			isa = PBXProject;
			attributes = {
				LastSwiftUpdateCheck = 0720;
				LastUpgradeCheck = 0720;
				ORGANIZATIONNAME = "Funtasty Digital";
				TargetAttributes = {
					EEC9849B1CA11CFD00E2B3A2 = {
						CreatedOnToolsVersion = 7.2.1;
					};
					EEC984AF1CA11CFE00E2B3A2 = {
						CreatedOnToolsVersion = 7.2.1;
						TestTargetID = EEC9849B1CA11CFD00E2B3A2;
					};
					EEC984BA1CA11CFE00E2B3A2 = {
						CreatedOnToolsVersion = 7.2.1;
						TestTargetID = EEC9849B1CA11CFD00E2B3A2;
					};
				};
			};
			buildConfigurationList = EEC984971CA11CFD00E2B3A2 /* Build configuration list for PBXProject "ui-tests-example" */;
			compatibilityVersion = "Xcode 3.2";
			developmentRegion = English;
			hasScannedForEncodings = 0;
			knownRegions = (
				en,
				Base,
			);
			mainGroup = EEC984931CA11CFD00E2B3A2;
			productRefGroup = EEC9849D1CA11CFE00E2B3A2 /* Products */;
			projectDirPath = "";
			projectRoot = "";
			targets = (
				EEC9849B1CA11CFD00E2B3A2 /* ui-tests-example */,
				EEC984AF1CA11CFE00E2B3A2 /* ui-tests-exampleTests */,
				EEC984BA1CA11CFE00E2B3A2 /* ui-tests-exampleUITests */,
			);
		};
/* End PBXProject section */

/* Begin PBXResourcesBuildPhase section */
		EEC9849A1CA11CFD00E2B3A2 /* Resources */ = {
			isa = PBXResourcesBuildPhase;
			buildActionMask = 2147483647;
			files = (
				EEC984AA1CA11CFE00E2B3A2 /* LaunchScreen.storyboard in Resources */,
				EEC984A71CA11CFE00E2B3A2 /* Assets.xcassets in Resources */,
				EEC984A51CA11CFE00E2B3A2 /* Main.storyboard in Resources */,
			);
			runOnlyForDeploymentPostprocessing = 0;
		};
		EEC984AE1CA11CFE00E2B3A2 /* Resources */ = {
			isa = PBXResourcesBuildPhase;
			buildActionMask = 2147483647;
			files = (
			);
			runOnlyForDeploymentPostprocessing = 0;
		};
		EEC984B91CA11CFE00E2B3A2 /* Resources */ = {
			isa = PBXResourcesBuildPhase;
			buildActionMask = 2147483647;
			files = (
			);
			runOnlyForDeploymentPostprocessing = 0;
		};
/* End PBXResourcesBuildPhase section */

/* Begin PBXSourcesBuildPhase section */
		EEC984981CA11CFD00E2B3A2 /* Sources */ = {
			isa = PBXSourcesBuildPhase;
			buildActionMask = 2147483647;
			files = (
				EEC984A21CA11CFE00E2B3A2 /* ViewController.swift in Sources */,
				EEC984A01CA11CFE00E2B3A2 /* AppDelegate.swift in Sources */,
			);
			runOnlyForDeploymentPostprocessing = 0;
		};
		EEC984AC1CA11CFE00E2B3A2 /* Sources */ = {
			isa = PBXSourcesBuildPhase;
			buildActionMask = 2147483647;
			files = (
				EEC984B51CA11CFE00E2B3A2 /* ui_tests_exampleTests.swift in Sources */,
			);
			runOnlyForDeploymentPostprocessing = 0;
		};
		EEC984B71CA11CFE00E2B3A2 /* Sources */ = {
			isa = PBXSourcesBuildPhase;
			buildActionMask = 2147483647;
			files = (
				EEC984C01CA11CFE00E2B3A2 /* ui_tests_exampleUITests.swift in Sources */,
			);
			runOnlyForDeploymentPostprocessing = 0;
		};
/* End PBXSourcesBuildPhase section */

/* Begin PBXTargetDependency section */
		EEC984B21CA11CFE00E2B3A2 /* PBXTargetDependency */ = {
			isa = PBXTargetDependency;
			target = EEC9849B1CA11CFD00E2B3A2 /* ui-tests-example */;
			targetProxy = EEC984B11CA11CFE00E2B3A2 /* PBXContainerItemProxy */;
		};
		EEC984BD1CA11CFE00E2B3A2 /* PBXTargetDependency */ = {
			isa = PBXTargetDependency;
			target = EEC9849B1CA11CFD00E2B3A2 /* ui-tests-example */;
			targetProxy = EEC984BC1CA11CFE00E2B3A2 /* PBXContainerItemProxy */;
		};
/* End PBXTargetDependency section */

/* Begin PBXVariantGroup section */
		EEC984A31CA11CFE00E2B3A2 /* Main.storyboard */ = {
			isa = PBXVariantGroup;
			children = (
				EEC984A41CA11CFE00E2B3A2 /* Base */,
			);
			name = Main.storyboard;
			sourceTree = "<group>";
		};
		EEC984A81CA11CFE00E2B3A2 /* LaunchScreen.storyboard */ = {
			isa = PBXVariantGroup;
			children = (
				EEC984A91CA11CFE00E2B3A2 /* Base */,
			);
			name = LaunchScreen.storyboard;
			sourceTree = "<group>";
		};
/* End PBXVariantGroup section */

/* Begin XCBuildConfiguration section */
		EEC984C21CA11CFE00E2B3A2 /* Debug */ = {
			isa = XCBuildConfiguration;
			buildSettings = {
				ALWAYS_SEARCH_USER_PATHS = NO;
				CLANG_CXX_LANGUAGE_STANDARD = "gnu++0x";
				CLANG_CXX_LIBRARY = "libc++";
				CLANG_ENABLE_MODULES = YES;
				CLANG_ENABLE_OBJC_ARC = YES;
				CLANG_WARN_BOOL_CONVERSION = YES;
				CLANG_WARN_CONSTANT_CONVERSION = YES;
				CLANG_WARN_DIRECT_OBJC_ISA_USAGE = YES_ERROR;
				CLANG_WARN_EMPTY_BODY = YES;
				CLANG_WARN_ENUM_CONVERSION = YES;
				CLANG_WARN_INT_CONVERSION = YES;
				CLANG_WARN_OBJC_ROOT_CLASS = YES_ERROR;
				CLANG_WARN_UNREACHABLE_CODE = YES;
				CLANG_WARN__DUPLICATE_METHOD_MATCH = YES;
				"CODE_SIGN_IDENTITY[sdk=iphoneos*]" = "iPhone Developer";
				COPY_PHASE_STRIP = NO;
				DEBUG_INFORMATION_FORMAT = dwarf;
				ENABLE_STRICT_OBJC_MSGSEND = YES;
				ENABLE_TESTABILITY = YES;
				GCC_C_LANGUAGE_STANDARD = gnu99;
				GCC_DYNAMIC_NO_PIC = NO;
				GCC_NO_COMMON_BLOCKS = YES;
				GCC_OPTIMIZATION_LEVEL = 0;
				GCC_PREPROCESSOR_DEFINITIONS = (
					"DEBUG=1",
					"$(inherited)",
				);
				GCC_WARN_64_TO_32_BIT_CONVERSION = YES;
				GCC_WARN_ABOUT_RETURN_TYPE = YES_ERROR;
				GCC_WARN_UNDECLARED_SELECTOR = YES;
				GCC_WARN_UNINITIALIZED_AUTOS = YES_AGGRESSIVE;
				GCC_WARN_UNUSED_FUNCTION = YES;
				GCC_WARN_UNUSED_VARIABLE = YES;
				IPHONEOS_DEPLOYMENT_TARGET = 9.2;
				MTL_ENABLE_DEBUG_INFO = YES;
				ONLY_ACTIVE_ARCH = YES;
				SDKROOT = iphoneos;
				SWIFT_OPTIMIZATION_LEVEL = "-Onone";
				TARGETED_DEVICE_FAMILY = "1,2";
			};
			name = Debug;
		};
		EEC984C31CA11CFE00E2B3A2 /* Release */ = {
			isa = XCBuildConfiguration;
			buildSettings = {
				ALWAYS_SEARCH_USER_PATHS = NO;
				CLANG_CXX_LANGUAGE_STANDARD = "gnu++0x";
				CLANG_CXX_LIBRARY = "libc++";
				CLANG_ENABLE_MODULES = YES;
				CLANG_ENABLE_OBJC_ARC = YES;
				CLANG_WARN_BOOL_CONVERSION = YES;
				CLANG_WARN_CONSTANT_CONVERSION = YES;
				CLANG_WARN_DIRECT_OBJC_ISA_USAGE = YES_ERROR;
				CLANG_WARN_EMPTY_BODY = YES;
				CLANG_WARN_ENUM_CONVERSION = YES;
				CLANG_WARN_INT_CONVERSION = YES;
				CLANG_WARN_OBJC_ROOT_CLASS = YES_ERROR;
				CLANG_WARN_UNREACHABLE_CODE = YES;
				CLANG_WARN__DUPLICATE_METHOD_MATCH = YES;
				"CODE_SIGN_IDENTITY[sdk=iphoneos*]" = "iPhone Developer";
				COPY_PHASE_STRIP = NO;
				DEBUG_INFORMATION_FORMAT = "dwarf-with-dsym";
				ENABLE_NS_ASSERTIONS = NO;
				ENABLE_STRICT_OBJC_MSGSEND = YES;
				GCC_C_LANGUAGE_STANDARD = gnu99;
				GCC_NO_COMMON_BLOCKS = YES;
				GCC_WARN_64_TO_32_BIT_CONVERSION = YES;
				GCC_WARN_ABOUT_RETURN_TYPE = YES_ERROR;
				GCC_WARN_UNDECLARED_SELECTOR = YES;
				GCC_WARN_UNINITIALIZED_AUTOS = YES_AGGRESSIVE;
				GCC_WARN_UNUSED_FUNCTION = YES;
				GCC_WARN_UNUSED_VARIABLE = YES;
				IPHONEOS_DEPLOYMENT_TARGET = 9.2;
				MTL_ENABLE_DEBUG_INFO = NO;
				SDKROOT = iphoneos;
				TARGETED_DEVICE_FAMILY = "1,2";
				VALIDATE_PRODUCT = YES;
			};
			name = Release;
		};
		EEC984C51CA11CFE00E2B3A2 /* Debug */ = {
			isa = XCBuildConfiguration;
			buildSettings = {
				ASSETCATALOG_COMPILER_APPICON_NAME = AppIcon;
				INFOPLIST_FILE = "ui-tests-example/Info.plist";
				LD_RUNPATH_SEARCH_PATHS = "$(inherited) @executable_path/Frameworks";
				PRODUCT_BUNDLE_IDENTIFIER = "com.thefuntasty.ui-tests-example";
				PRODUCT_NAME = "$(TARGET_NAME)";
			};
			name = Debug;
		};
		EEC984C61CA11CFE00E2B3A2 /* Release */ = {
			isa = XCBuildConfiguration;
			buildSettings = {
				ASSETCATALOG_COMPILER_APPICON_NAME = AppIcon;
				INFOPLIST_FILE = "ui-tests-example/Info.plist";
				LD_RUNPATH_SEARCH_PATHS = "$(inherited) @executable_path/Frameworks";
				PRODUCT_BUNDLE_IDENTIFIER = "com.thefuntasty.ui-tests-example";
				PRODUCT_NAME = "$(TARGET_NAME)";
			};
			name = Release;
		};
		EEC984C81CA11CFE00E2B3A2 /* Debug */ = {
			isa = XCBuildConfiguration;
			buildSettings = {
				BUNDLE_LOADER = "$(TEST_HOST)";
				INFOPLIST_FILE = "ui-tests-exampleTests/Info.plist";
				LD_RUNPATH_SEARCH_PATHS = "$(inherited) @executable_path/Frameworks @loader_path/Frameworks";
				PRODUCT_BUNDLE_IDENTIFIER = "com.thefuntasty.ui-tests-exampleTests";
				PRODUCT_NAME = "$(TARGET_NAME)";
				TEST_HOST = "$(BUILT_PRODUCTS_DIR)/ui-tests-example.app/ui-tests-example";
			};
			name = Debug;
		};
		EEC984C91CA11CFE00E2B3A2 /* Release */ = {
			isa = XCBuildConfiguration;
			buildSettings = {
				BUNDLE_LOADER = "$(TEST_HOST)";
				INFOPLIST_FILE = "ui-tests-exampleTests/Info.plist";
				LD_RUNPATH_SEARCH_PATHS = "$(inherited) @executable_path/Frameworks @loader_path/Frameworks";
				PRODUCT_BUNDLE_IDENTIFIER = "com.thefuntasty.ui-tests-exampleTests";
				PRODUCT_NAME = "$(TARGET_NAME)";
				TEST_HOST = "$(BUILT_PRODUCTS_DIR)/ui-tests-example.app/ui-tests-example";
			};
			name = Release;
		};
		EEC984CB1CA11CFE00E2B3A2 /* Debug */ = {
			isa = XCBuildConfiguration;
			buildSettings = {
				INFOPLIST_FILE = "ui-tests-exampleUITests/Info.plist";
				LD_RUNPATH_SEARCH_PATHS = "$(inherited) @executable_path/Frameworks @loader_path/Frameworks";
				PRODUCT_BUNDLE_IDENTIFIER = "com.thefuntasty.ui-tests-exampleUITests";
				PRODUCT_NAME = "$(TARGET_NAME)";
				TEST_TARGET_NAME = "ui-tests-example";
				USES_XCTRUNNER = YES;
			};
			name = Debug;
		};
		EEC984CC1CA11CFE00E2B3A2 /* Release */ = {
			isa = XCBuildConfiguration;
			buildSettings = {
				INFOPLIST_FILE = "ui-tests-exampleUITests/Info.plist";
				LD_RUNPATH_SEARCH_PATHS = "$(inherited) @executable_path/Frameworks @loader_path/Frameworks";
				PRODUCT_BUNDLE_IDENTIFIER = "com.thefuntasty.ui-tests-exampleUITests";
				PRODUCT_NAME = "$(TARGET_NAME)";
				TEST_TARGET_NAME = "ui-tests-example";
				USES_XCTRUNNER = YES;
			};
			name = Release;
		};
/* End XCBuildConfiguration section */

/* Begin XCConfigurationList section */
		EEC984971CA11CFD00E2B3A2 /* Build configuration list for PBXProject "ui-tests-example" */ = {
			isa = XCConfigurationList;
			buildConfigurations = (
				EEC984C21CA11CFE00E2B3A2 /* Debug */,
				EEC984C31CA11CFE00E2B3A2 /* Release */,
			);
			defaultConfigurationIsVisible = 0;
			defaultConfigurationName = Release;
		};
		EEC984C41CA11CFE00E2B3A2 /* Build configuration list for PBXNativeTarget "ui-tests-example" */ = {
			isa = XCConfigurationList;
			buildConfigurations = (
				EEC984C51CA11CFE00E2B3A2 /* Debug */,
				EEC984C61CA11CFE00E2B3A2 /* Release */,
			);
			defaultConfigurationIsVisible = 0;
		};
		EEC984C71CA11CFE00E2B3A2 /* Build configuration list for PBXNativeTarget "ui-tests-exampleTests" */ = {
			isa = XCConfigurationList;
			buildConfigurations = (
				EEC984C81CA11CFE00E2B3A2 /* Debug */,
				EEC984C91CA11CFE00E2B3A2 /* Release */,
			);
			defaultConfigurationIsVisible = 0;
		};
		EEC984CA1CA11CFE00E2B3A2 /* Build configuration list for PBXNativeTarget "ui-tests-exampleUITests" */ = {
			isa = XCConfigurationList;
			buildConfigurations = (
				EEC984CB1CA11CFE00E2B3A2 /* Debug */,
				EEC984CC1CA11CFE00E2B3A2 /* Release */,
			);
			defaultConfigurationIsVisible = 0;
		};
/* End XCConfigurationList section */
	};
	rootObject = EEC984941CA11CFD00E2B3A2 /* Project object */;
}
